Microsoft Visual Studio Solution File, Format Version 11.00
# Visual Studio 2008

Project("{40281923-FD20-0494-448E-FE67AE033E34}") = "ISS Passes", "Assembly-CSharp-firstpass.csproj", "{355E03C0-58EC-CF3D-9099-DAD4D19F48B9}"
EndProject
Project("{40281923-FD20-0494-448E-FE67AE033E34}") = "ISS Passes", "Assembly-CSharp.csproj", "{36781202-4B00-14B6-495E-3216D05CADC6}"
EndProject
Project("{40281923-FD20-0494-448E-FE67AE033E34}") = "ISS Passes", "Assembly-UnityScript.unityproj", "{FE2B5187-540E-8568-F95B-2EF35F827EB3}"
EndProject
Global
	GlobalSection(SolutionConfigurationPlatforms) = preSolution
		Debug|Any CPU = Debug|Any CPU
		Release|Any CPU = Release|Any CPU
	EndGlobalSection
	GlobalSection(ProjectConfigurationPlatforms) = postSolution
		{355E03C0-58EC-CF3D-9099-DAD4D19F48B9}.Debug|Any CPU.ActiveCfg = Debug|Any CPU
		{355E03C0-58EC-CF3D-9099-DAD4D19F48B9}.Debug|Any CPU.Build.0 = Debug|Any CPU
		{355E03C0-58EC-CF3D-9099-DAD4D19F48B9}.Release|Any CPU.ActiveCfg = Release|Any CPU
		{355E03C0-58EC-CF3D-9099-DAD4D19F48B9}.Release|Any CPU.Build.0 = Release|Any CPU
		{36781202-4B00-14B6-495E-3216D05CADC6}.Debug|Any CPU.ActiveCfg = Debug|Any CPU
		{36781202-4B00-14B6-495E-3216D05CADC6}.Debug|Any CPU.Build.0 = Debug|Any CPU
		{36781202-4B00-14B6-495E-3216D05CADC6}.Release|Any CPU.ActiveCfg = Release|Any CPU
		{36781202-4B00-14B6-495E-3216D05CADC6}.Release|Any CPU.Build.0 = Release|Any CPU
		{FE2B5187-540E-8568-F95B-2EF35F827EB3}.Debug|Any CPU.ActiveCfg = Debug|Any CPU
		{FE2B5187-540E-8568-F95B-2EF35F827EB3}.Debug|Any CPU.Build.0 = Debug|Any CPU
		{FE2B5187-540E-8568-F95B-2EF35F827EB3}.Release|Any CPU.ActiveCfg = Release|Any CPU
		{FE2B5187-540E-8568-F95B-2EF35F827EB3}.Release|Any CPU.Build.0 = Release|Any CPU
	EndGlobalSection
	GlobalSection(SolutionProperties) = preSolution
		HideSolutionNode = FALSE
	EndGlobalSection
																					GlobalSection(MonoDevelopProperties) = preSolution
		StartupItem = Assembly-CSharp.csproj
		Policies = $0
		$0.TextStylePolicy = $1
		$1.inheritsSet = null
		$1.scope = text/x-csharp
		$0.CSharpFormattingPolicy = $2
		$2.inheritsSet = Mono
		$2.inheritsScope = text/x-csharp
		$2.scope = text/x-csharp
		$0.TextStylePolicy = $3
		$3.FileWidth = 120
		$3.TabWidth = 4
		$3.IndentWidth = 4
		$3.EolMarker = Unix
		$3.inheritsSet = Mono
		$3.inheritsScope = text/plain
		$3.scope = text/plain
	EndGlobalSection

EndGlobal
