Microsoft Visual Studio Solution File, Format Version 11.00
# Visual Studio 2008

Project("{9993C1AA-1499-A6F9-1E65-787C2ED49515}") = "Iss Passes August", "Assembly-CSharp-firstpass.csproj", "{1DC7978F-1B38-8799-609C-82FB81445156}"
EndProject
Project("{9993C1AA-1499-A6F9-1E65-787C2ED49515}") = "Iss Passes August", "Assembly-CSharp.csproj", "{40BF3099-D134-6764-D5DF-7071DC1416CB}"
EndProject
Global
	GlobalSection(SolutionConfigurationPlatforms) = preSolution
		Debug|Any CPU = Debug|Any CPU
		Release|Any CPU = Release|Any CPU
	EndGlobalSection
	GlobalSection(ProjectConfigurationPlatforms) = postSolution
		{1DC7978F-1B38-8799-609C-82FB81445156}.Debug|Any CPU.ActiveCfg = Debug|Any CPU
		{1DC7978F-1B38-8799-609C-82FB81445156}.Debug|Any CPU.Build.0 = Debug|Any CPU
		{1DC7978F-1B38-8799-609C-82FB81445156}.Release|Any CPU.ActiveCfg = Release|Any CPU
		{1DC7978F-1B38-8799-609C-82FB81445156}.Release|Any CPU.Build.0 = Release|Any CPU
		{40BF3099-D134-6764-D5DF-7071DC1416CB}.Debug|Any CPU.ActiveCfg = Debug|Any CPU
		{40BF3099-D134-6764-D5DF-7071DC1416CB}.Debug|Any CPU.Build.0 = Debug|Any CPU
		{40BF3099-D134-6764-D5DF-7071DC1416CB}.Release|Any CPU.ActiveCfg = Release|Any CPU
		{40BF3099-D134-6764-D5DF-7071DC1416CB}.Release|Any CPU.Build.0 = Release|Any CPU
	EndGlobalSection
	GlobalSection(SolutionProperties) = preSolution
		HideSolutionNode = FALSE
	EndGlobalSection
					GlobalSection(MonoDevelopProperties) = preSolution
		StartupItem = Assembly-CSharp.csproj
		Policies = $0
		$0.TextStylePolicy = $1
		$1.inheritsSet = null
		$1.scope = text/x-csharp
		$0.CSharpFormattingPolicy = $2
		$2.inheritsSet = Mono
		$2.inheritsScope = text/x-csharp
		$2.scope = text/x-csharp
		$0.TextStylePolicy = $3
		$3.FileWidth = 120
		$3.TabWidth = 4
		$3.IndentWidth = 4
		$3.EolMarker = Unix
		$3.inheritsSet = Mono
		$3.inheritsScope = text/plain
		$3.scope = text/plain
	EndGlobalSection

EndGlobal
